
Microsoft Visual Studio Solution File, Format Version 12.00
# Visual Studio Version 16
VisualStudioVersion = 16.0.29009.5
MinimumVisualStudioVersion = 10.0.40219.1
Project("{FAE04EC0-301F-11D3-BF4B-00C04F79EFBC}") = "GameLife", "GameLife\GameLife.csproj", "{CDB68EB3-C257-4D07-B556-38C4C10DCC2C}"
EndProject
Global
	GlobalSection(SolutionConfigurationPlatforms) = preSolution
		Debug|Any CPU = Debug|Any CPU
		Release|Any CPU = Release|Any CPU
	EndGlobalSection
	GlobalSection(ProjectConfigurationPlatforms) = postSolution
		{CDB68EB3-C257-4D07-B556-38C4C10DCC2C}.Debug|Any CPU.ActiveCfg = Debug|Any CPU
		{CDB68EB3-C257-4D07-B556-38C4C10DCC2C}.Debug|Any CPU.Build.0 = Debug|Any CPU
		{CDB68EB3-C257-4D07-B556-38C4C10DCC2C}.Release|Any CPU.ActiveCfg = Release|Any CPU
		{CDB68EB3-C257-4D07-B556-38C4C10DCC2C}.Release|Any CPU.Build.0 = Release|Any CPU
	EndGlobalSection
	GlobalSection(SolutionProperties) = preSolution
		HideSolutionNode = FALSE
	EndGlobalSection
	GlobalSection(ExtensibilityGlobals) = postSolution
		SolutionGuid = {2E253D3C-E240-4800-9902-2D57F38F92CF}
	EndGlobalSection
EndGlobal
